# This file is automatically @generated by Cargo.
# It is not intended for manual editing.
version = 3

[[package]]
name = "argument_parser"
version = "0.1.0"

[[package]]
name = "csv_file"
version = "0.1.0"
dependencies = [
 "formatting",
 "text_file",
]

[[package]]
name = "formatting"
version = "0.1.0"

[[package]]
name = "rust_tools"
version = "0.1.0"
dependencies = [
 "argument_parser",
 "csv_file",
 "formatting",
 "text_file",
]

[[package]]
name = "text_file"
version = "0.1.0"
